# THIS IS AN AUTOGENERATED FILE. DO NOT EDIT THIS FILE DIRECTLY.
# yarn lockfile v1


jsencrypt@^3.0.0-rc.1:
  version "3.0.0-rc.1"
  resolved "https://registry.yarnpkg.com/jsencrypt/-/jsencrypt-3.0.0-rc.1.tgz#0e0a4744ba43cc557fb5cf62fe8646bceb561b1c"
  integrity sha512-gcvGaqerlUJy1Kq6tNgPYteVEoWNemu+9hBe2CdsCIz4rVcwjoTQ72iD1W76/PRMlnkzG0yVh7nwOOMOOUfKmg==
